
Microsoft Visual Studio Solution File, Format Version 12.00
# Visual Studio Version 17
VisualStudioVersion = 17.10.35122.118
MinimumVisualStudioVersion = 10.0.40219.1
Project("{FAE04EC0-301F-11D3-BF4B-00C04F79EFBC}") = "DataProcessingInTheFactory", "DataProcessingInTheFactory.csproj", "{89B075EF-AEED-4EEF-BDA0-BC80F53D9921}"
EndProject
Global
	GlobalSection(SolutionConfigurationPlatforms) = preSolution
		Debug|Any CPU = Debug|Any CPU
		Release|Any CPU = Release|Any CPU
	EndGlobalSection
	GlobalSection(ProjectConfigurationPlatforms) = postSolution
		{89B075EF-AEED-4EEF-BDA0-BC80F53D9921}.Debug|Any CPU.ActiveCfg = Debug|Any CPU
		{89B075EF-AEED-4EEF-BDA0-BC80F53D9921}.Debug|Any CPU.Build.0 = Debug|Any CPU
		{89B075EF-AEED-4EEF-BDA0-BC80F53D9921}.Release|Any CPU.ActiveCfg = Release|Any CPU
		{89B075EF-AEED-4EEF-BDA0-BC80F53D9921}.Release|Any CPU.Build.0 = Release|Any CPU
	EndGlobalSection
	GlobalSection(SolutionProperties) = preSolution
		HideSolutionNode = FALSE
	EndGlobalSection
	GlobalSection(ExtensibilityGlobals) = postSolution
		SolutionGuid = {229990BD-2646-43ED-A99D-2800EAA3F24C}
	EndGlobalSection
EndGlobal
